# THIS IS AN AUTOGENERATED FILE. DO NOT EDIT THIS FILE DIRECTLY.
# yarn lockfile v1


"@fullcalendar/core@^6.1.7":
  version "6.1.7"
  resolved "https://registry.yarnpkg.com/@fullcalendar/core/-/core-6.1.7.tgz#83d8b109fbf0deb1d4c3262ca4b2d70e77a287c4"
  integrity sha512-Hc63ARSyABlNo10B3NkA0z8ndaDmq5MKpcBB2iQsGQyn8N8cyn/x6V284Je1EwDoKsBlbrZAj+j+efBO+QQf5g==
  dependencies:
    preact "~10.12.1"

preact@~10.12.1:
  version "10.12.1"
  resolved "https://registry.yarnpkg.com/preact/-/preact-10.12.1.tgz#8f9cb5442f560e532729b7d23d42fd1161354a21"
  integrity sha512-l8386ixSsBdbreOAkqtrwqHwdvR35ID8c3rKPa8lCWuO86dBi32QWHV4vfsZK1utLLFMvw+Z5Ad4XLkZzchscg==
